// !$*UTF8*$!
{
	archiveVersion = 1;
	classes = {
	};
	objectVersion = 46;
	objects = {

/* Begin PBXBuildFile section */
		CD0D79C01CD4F1EF00627454 /* main.m in Sources */ = {isa = PBXBuildFile; fileRef = CD0D79BF1CD4F1EF00627454 /* main.m */; };
/* End PBXBuildFile section */

/* Begin PBXCopyFilesBuildPhase section */
		CD0D79BA1CD4F1EF00627454 /* CopyFiles */ = {
			isa = PBXCopyFilesBuildPhase;
			buildActionMask = 2147483647;
			dstPath = /usr/share/man/man1/;
			dstSubfolderSpec = 0;
			files = (
			);
			runOnlyForDeploymentPostprocessing = 1;
		};
/* End PBXCopyFilesBuildPhase section */

/* Begin PBXFileReference section */
		CD0D79BC1CD4F1EF00627454 /* NSFileHandle处理文件IO */ = {isa = PBXFileReference; explicitFileType = "compiled.mach-o.executable"; includeInIndex = 0; path = "NSFileHandle处理文件IO"; sourceTree = BUILT_PRODUCTS_DIR; };
		CD0D79BF1CD4F1EF00627454 /* main.m */ = {isa = PBXFileReference; lastKnownFileType = sourcecode.c.objc; path = main.m; sourceTree = "<group>"; };
/* End PBXFileReference section */

/* Begin PBXFrameworksBuildPhase section */
		CD0D79B91CD4F1EF00627454 /* Frameworks */ = {
			isa = PBXFrameworksBuildPhase;
			buildActionMask = 2147483647;
			files = (
			);
			runOnlyForDeploymentPostprocessing = 0;
		};
/* End PBXFrameworksBuildPhase section */

/* Begin PBXGroup section */
		CD0D79B31CD4F1EF00627454 = {
			isa = PBXGroup;
			children = (
				CD0D79BE1CD4F1EF00627454 /* NSFileHandle处理文件IO */,
				CD0D79BD1CD4F1EF00627454 /* Products */,
			);
			sourceTree = "<group>";
		};
		CD0D79BD1CD4F1EF00627454 /* Products */ = {
			isa = PBXGroup;
			children = (
				CD0D79BC1CD4F1EF00627454 /* NSFileHandle处理文件IO */,
			);
			name = Products;
			sourceTree = "<group>";
		};
		CD0D79BE1CD4F1EF00627454 /* NSFileHandle处理文件IO */ = {
			isa = PBXGroup;
			children = (
				CD0D79BF1CD4F1EF00627454 /* main.m */,
			);
			path = "NSFileHandle处理文件IO";
			sourceTree = "<group>";
		};
/* End PBXGroup section */

/* Begin PBXNativeTarget section */
		CD0D79BB1CD4F1EF00627454 /* NSFileHandle处理文件IO */ = {
			isa = PBXNativeTarget;
			buildConfigurationList = CD0D79C31CD4F1EF00627454 /* Build configuration list for PBXNativeTarget "NSFileHandle处理文件IO" */;
			buildPhases = (
				CD0D79B81CD4F1EF00627454 /* Sources */,
				CD0D79B91CD4F1EF00627454 /* Frameworks */,
				CD0D79BA1CD4F1EF00627454 /* CopyFiles */,
			);
			buildRules = (
			);
			dependencies = (
			);
			name = "NSFileHandle处理文件IO";
			productName = "NSFileHandle处理文件IO";
			productReference = CD0D79BC1CD4F1EF00627454 /* NSFileHandle处理文件IO */;
			productType = "com.apple.product-type.tool";
		};
/* End PBXNativeTarget section */

/* Begin PBXProject section */
		CD0D79B41CD4F1EF00627454 /* Project object */ = {
			isa = PBXProject;
			attributes = {
				LastUpgradeCheck = 0720;
				ORGANIZATIONNAME = lwb;
				TargetAttributes = {
					CD0D79BB1CD4F1EF00627454 = {
						CreatedOnToolsVersion = 7.2;
					};
				};
			};
			buildConfigurationList = CD0D79B71CD4F1EF00627454 /* Build configuration list for PBXProject "NSFileHandle处理文件IO" */;
			compatibilityVersion = "Xcode 3.2";
			developmentRegion = English;
			hasScannedForEncodings = 0;
			knownRegions = (
				en,
			);
			mainGroup = CD0D79B31CD4F1EF00627454;
			productRefGroup = CD0D79BD1CD4F1EF00627454 /* Products */;
			projectDirPath = "";
			projectRoot = "";
			targets = (
				CD0D79BB1CD4F1EF00627454 /* NSFileHandle处理文件IO */,
			);
		};
/* End PBXProject section */

/* Begin PBXSourcesBuildPhase section */
		CD0D79B81CD4F1EF00627454 /* Sources */ = {
			isa = PBXSourcesBuildPhase;
			buildActionMask = 2147483647;
			files = (
				CD0D79C01CD4F1EF00627454 /* main.m in Sources */,
			);
			runOnlyForDeploymentPostprocessing = 0;
		};
/* End PBXSourcesBuildPhase section */

/* Begin XCBuildConfiguration section */
		CD0D79C11CD4F1EF00627454 /* Debug */ = {
			isa = XCBuildConfiguration;
			buildSettings = {
				ALWAYS_SEARCH_USER_PATHS = NO;
				CLANG_CXX_LANGUAGE_STANDARD = "gnu++0x";
				CLANG_CXX_LIBRARY = "libc++";
				CLANG_ENABLE_MODULES = YES;
				CLANG_ENABLE_OBJC_ARC = YES;
				CLANG_WARN_BOOL_CONVERSION = YES;
				CLANG_WARN_CONSTANT_CONVERSION = YES;
				CLANG_WARN_DIRECT_OBJC_ISA_USAGE = YES_ERROR;
				CLANG_WARN_EMPTY_BODY = YES;
				CLANG_WARN_ENUM_CONVERSION = YES;
				CLANG_WARN_INT_CONVERSION = YES;
				CLANG_WARN_OBJC_ROOT_CLASS = YES_ERROR;
				CLANG_WARN_UNREACHABLE_CODE = YES;
				CLANG_WARN__DUPLICATE_METHOD_MATCH = YES;
				CODE_SIGN_IDENTITY = "-";
				COPY_PHASE_STRIP = NO;
				DEBUG_INFORMATION_FORMAT = dwarf;
				ENABLE_STRICT_OBJC_MSGSEND = YES;
				ENABLE_TESTABILITY = YES;
				GCC_C_LANGUAGE_STANDARD = gnu99;
				GCC_DYNAMIC_NO_PIC = NO;
				GCC_NO_COMMON_BLOCKS = YES;
				GCC_OPTIMIZATION_LEVEL = 0;
				GCC_PREPROCESSOR_DEFINITIONS = (
					"DEBUG=1",
					"$(inherited)",
				);
				GCC_WARN_64_TO_32_BIT_CONVERSION = YES;
				GCC_WARN_ABOUT_RETURN_TYPE = YES_ERROR;
				GCC_WARN_UNDECLARED_SELECTOR = YES;
				GCC_WARN_UNINITIALIZED_AUTOS = YES_AGGRESSIVE;
				GCC_WARN_UNUSED_FUNCTION = YES;
				GCC_WARN_UNUSED_VARIABLE = YES;
				MACOSX_DEPLOYMENT_TARGET = 10.10;
				MTL_ENABLE_DEBUG_INFO = YES;
				ONLY_ACTIVE_ARCH = YES;
				SDKROOT = macosx;
			};
			name = Debug;
		};
		CD0D79C21CD4F1EF00627454 /* Release */ = {
			isa = XCBuildConfiguration;
			buildSettings = {
				ALWAYS_SEARCH_USER_PATHS = NO;
				CLANG_CXX_LANGUAGE_STANDARD = "gnu++0x";
				CLANG_CXX_LIBRARY = "libc++";
				CLANG_ENABLE_MODULES = YES;
				CLANG_ENABLE_OBJC_ARC = YES;
				CLANG_WARN_BOOL_CONVERSION = YES;
				CLANG_WARN_CONSTANT_CONVERSION = YES;
				CLANG_WARN_DIRECT_OBJC_ISA_USAGE = YES_ERROR;
				CLANG_WARN_EMPTY_BODY = YES;
				CLANG_WARN_ENUM_CONVERSION = YES;
				CLANG_WARN_INT_CONVERSION = YES;
				CLANG_WARN_OBJC_ROOT_CLASS = YES_ERROR;
				CLANG_WARN_UNREACHABLE_CODE = YES;
				CLANG_WARN__DUPLICATE_METHOD_MATCH = YES;
				CODE_SIGN_IDENTITY = "-";
				COPY_PHASE_STRIP = NO;
				DEBUG_INFORMATION_FORMAT = "dwarf-with-dsym";
				ENABLE_NS_ASSERTIONS = NO;
				ENABLE_STRICT_OBJC_MSGSEND = YES;
				GCC_C_LANGUAGE_STANDARD = gnu99;
				GCC_NO_COMMON_BLOCKS = YES;
				GCC_WARN_64_TO_32_BIT_CONVERSION = YES;
				GCC_WARN_ABOUT_RETURN_TYPE = YES_ERROR;
				GCC_WARN_UNDECLARED_SELECTOR = YES;
				GCC_WARN_UNINITIALIZED_AUTOS = YES_AGGRESSIVE;
				GCC_WARN_UNUSED_FUNCTION = YES;
				GCC_WARN_UNUSED_VARIABLE = YES;
				MACOSX_DEPLOYMENT_TARGET = 10.10;
				MTL_ENABLE_DEBUG_INFO = NO;
				SDKROOT = macosx;
			};
			name = Release;
		};
		CD0D79C41CD4F1EF00627454 /* Debug */ = {
			isa = XCBuildConfiguration;
			buildSettings = {
				PRODUCT_NAME = "$(TARGET_NAME)";
			};
			name = Debug;
		};
		CD0D79C51CD4F1EF00627454 /* Release */ = {
			isa = XCBuildConfiguration;
			buildSettings = {
				PRODUCT_NAME = "$(TARGET_NAME)";
			};
			name = Release;
		};
/* End XCBuildConfiguration section */

/* Begin XCConfigurationList section */
		CD0D79B71CD4F1EF00627454 /* Build configuration list for PBXProject "NSFileHandle处理文件IO" */ = {
			isa = XCConfigurationList;
			buildConfigurations = (
				CD0D79C11CD4F1EF00627454 /* Debug */,
				CD0D79C21CD4F1EF00627454 /* Release */,
			);
			defaultConfigurationIsVisible = 0;
			defaultConfigurationName = Release;
		};
		CD0D79C31CD4F1EF00627454 /* Build configuration list for PBXNativeTarget "NSFileHandle处理文件IO" */ = {
			isa = XCConfigurationList;
			buildConfigurations = (
				CD0D79C41CD4F1EF00627454 /* Debug */,
				CD0D79C51CD4F1EF00627454 /* Release */,
			);
			defaultConfigurationIsVisible = 0;
		};
/* End XCConfigurationList section */
	};
	rootObject = CD0D79B41CD4F1EF00627454 /* Project object */;
}
